
Microsoft Visual Studio Solution File, Format Version 12.00
# Visual Studio Version 17
VisualStudioVersion = 17.12.35527.113
MinimumVisualStudioVersion = 10.0.40219.1
Project("{FAE04EC0-301F-11D3-BF4B-00C04F79EFBC}") = "xuanthulab.classobject", "xuanthulab.classobject\xuanthulab.classobject.csproj", "{A4DFBD2C-0F75-4D30-8322-E85E9AB79306}"
EndProject
Project("{FAE04EC0-301F-11D3-BF4B-00C04F79EFBC}") = "xuanthulab.events", "xuanthulab.events\xuanthulab.events.csproj", "{C62F27BF-7B99-4B4C-817D-514B397100D7}"
EndProject
Project("{FAE04EC0-301F-11D3-BF4B-00C04F79EFBC}") = "xuanthulab.file", "xuanthulab.file\xuanthulab.file.csproj", "{A054173A-3624-4650-B92B-E6E2F2BD8F93}"
EndProject
Project("{FAE04EC0-301F-11D3-BF4B-00C04F79EFBC}") = "xuanthulab.collections", "xuanthulab.collections\xuanthulab.collections.csproj", "{704676D8-1A27-49EC-959C-E56758593594}"
EndProject
Project("{FAE04EC0-301F-11D3-BF4B-00C04F79EFBC}") = "xuanthulab.linq", "xuanthulab.linq\xuanthulab.linq.csproj", "{C10CC917-31F8-49F0-A3C0-0754469191A4}"
EndProject
Project("{FAE04EC0-301F-11D3-BF4B-00C04F79EFBC}") = "xuanthulab.async", "xuanthulab.async\xuanthulab.async.csproj", "{4A7BA290-3699-4016-A23D-C9A4AF807B08}"
EndProject
Global
	GlobalSection(SolutionConfigurationPlatforms) = preSolution
		Debug|Any CPU = Debug|Any CPU
		Release|Any CPU = Release|Any CPU
	EndGlobalSection
	GlobalSection(ProjectConfigurationPlatforms) = postSolution
		{A4DFBD2C-0F75-4D30-8322-E85E9AB79306}.Debug|Any CPU.ActiveCfg = Debug|Any CPU
		{A4DFBD2C-0F75-4D30-8322-E85E9AB79306}.Debug|Any CPU.Build.0 = Debug|Any CPU
		{A4DFBD2C-0F75-4D30-8322-E85E9AB79306}.Release|Any CPU.ActiveCfg = Release|Any CPU
		{A4DFBD2C-0F75-4D30-8322-E85E9AB79306}.Release|Any CPU.Build.0 = Release|Any CPU
		{C62F27BF-7B99-4B4C-817D-514B397100D7}.Debug|Any CPU.ActiveCfg = Debug|Any CPU
		{C62F27BF-7B99-4B4C-817D-514B397100D7}.Debug|Any CPU.Build.0 = Debug|Any CPU
		{C62F27BF-7B99-4B4C-817D-514B397100D7}.Release|Any CPU.ActiveCfg = Release|Any CPU
		{C62F27BF-7B99-4B4C-817D-514B397100D7}.Release|Any CPU.Build.0 = Release|Any CPU
		{A054173A-3624-4650-B92B-E6E2F2BD8F93}.Debug|Any CPU.ActiveCfg = Debug|Any CPU
		{A054173A-3624-4650-B92B-E6E2F2BD8F93}.Debug|Any CPU.Build.0 = Debug|Any CPU
		{A054173A-3624-4650-B92B-E6E2F2BD8F93}.Release|Any CPU.ActiveCfg = Release|Any CPU
		{A054173A-3624-4650-B92B-E6E2F2BD8F93}.Release|Any CPU.Build.0 = Release|Any CPU
		{704676D8-1A27-49EC-959C-E56758593594}.Debug|Any CPU.ActiveCfg = Debug|Any CPU
		{704676D8-1A27-49EC-959C-E56758593594}.Debug|Any CPU.Build.0 = Debug|Any CPU
		{704676D8-1A27-49EC-959C-E56758593594}.Release|Any CPU.ActiveCfg = Release|Any CPU
		{704676D8-1A27-49EC-959C-E56758593594}.Release|Any CPU.Build.0 = Release|Any CPU
		{C10CC917-31F8-49F0-A3C0-0754469191A4}.Debug|Any CPU.ActiveCfg = Debug|Any CPU
		{C10CC917-31F8-49F0-A3C0-0754469191A4}.Debug|Any CPU.Build.0 = Debug|Any CPU
		{C10CC917-31F8-49F0-A3C0-0754469191A4}.Release|Any CPU.ActiveCfg = Release|Any CPU
		{C10CC917-31F8-49F0-A3C0-0754469191A4}.Release|Any CPU.Build.0 = Release|Any CPU
		{4A7BA290-3699-4016-A23D-C9A4AF807B08}.Debug|Any CPU.ActiveCfg = Debug|Any CPU
		{4A7BA290-3699-4016-A23D-C9A4AF807B08}.Debug|Any CPU.Build.0 = Debug|Any CPU
		{4A7BA290-3699-4016-A23D-C9A4AF807B08}.Release|Any CPU.ActiveCfg = Release|Any CPU
		{4A7BA290-3699-4016-A23D-C9A4AF807B08}.Release|Any CPU.Build.0 = Release|Any CPU
	EndGlobalSection
	GlobalSection(SolutionProperties) = preSolution
		HideSolutionNode = FALSE
	EndGlobalSection
EndGlobal
